// !$*UTF8*$!
{
	archiveVersion = 1;
	classes = {
	};
	objectVersion = 55;
	objects = {

/* Begin PBXBuildFile section */
		97C937004232292E2E9A485B /* Pods_toDoAppFirebase.framework in Frameworks */ = {isa = PBXBuildFile; fileRef = 5852DDE77D0A7753762AE25C /* Pods_toDoAppFirebase.framework */; };
		DC11319E28C64BE10076DC4E /* TaskCell.swift in Sources */ = {isa = PBXBuildFile; fileRef = DC11319C28C64BE10076DC4E /* TaskCell.swift */; };
		DC11319F28C64BE10076DC4E /* TaskCell.xib in Resources */ = {isa = PBXBuildFile; fileRef = DC11319D28C64BE10076DC4E /* TaskCell.xib */; };
		DC8B4BC728CA066B004EEBA7 /* GoogleService-Info.plist in Resources */ = {isa = PBXBuildFile; fileRef = DC8B4BC628CA066B004EEBA7 /* GoogleService-Info.plist */; };
		DC8B4BC928D1ECF2004EEBA7 /* TaskModel.swift in Sources */ = {isa = PBXBuildFile; fileRef = DC8B4BC828D1ECF2004EEBA7 /* TaskModel.swift */; };
		DC8B4BCC28D66F7B004EEBA7 /* HomePageVM.swift in Sources */ = {isa = PBXBuildFile; fileRef = DC8B4BCB28D66F7B004EEBA7 /* HomePageVM.swift */; };
		DC8B4BCF28D8A7C4004EEBA7 /* UIViewController-Extension.swift in Sources */ = {isa = PBXBuildFile; fileRef = DC8B4BCE28D8A7C4004EEBA7 /* UIViewController-Extension.swift */; };
		DCD299DD28B4CC06001702CD /* AppDelegate.swift in Sources */ = {isa = PBXBuildFile; fileRef = DCD299DC28B4CC06001702CD /* AppDelegate.swift */; };
		DCD299DF28B4CC06001702CD /* SceneDelegate.swift in Sources */ = {isa = PBXBuildFile; fileRef = DCD299DE28B4CC06001702CD /* SceneDelegate.swift */; };
		DCD299E128B4CC06001702CD /* ViewController.swift in Sources */ = {isa = PBXBuildFile; fileRef = DCD299E028B4CC06001702CD /* ViewController.swift */; };
		DCD299E428B4CC06001702CD /* Main.storyboard in Resources */ = {isa = PBXBuildFile; fileRef = DCD299E228B4CC06001702CD /* Main.storyboard */; };
		DCD299E628B4CC07001702CD /* Assets.xcassets in Resources */ = {isa = PBXBuildFile; fileRef = DCD299E528B4CC07001702CD /* Assets.xcassets */; };
		DCD299E928B4CC07001702CD /* LaunchScreen.storyboard in Resources */ = {isa = PBXBuildFile; fileRef = DCD299E728B4CC07001702CD /* LaunchScreen.storyboard */; };
/* End PBXBuildFile section */

/* Begin PBXFileReference section */
		4EC2BA8DAB6377E25B150666 /* Pods-toDoAppFirebase.release.xcconfig */ = {isa = PBXFileReference; includeInIndex = 1; lastKnownFileType = text.xcconfig; name = "Pods-toDoAppFirebase.release.xcconfig"; path = "Target Support Files/Pods-toDoAppFirebase/Pods-toDoAppFirebase.release.xcconfig"; sourceTree = "<group>"; };
		5852DDE77D0A7753762AE25C /* Pods_toDoAppFirebase.framework */ = {isa = PBXFileReference; explicitFileType = wrapper.framework; includeInIndex = 0; path = Pods_toDoAppFirebase.framework; sourceTree = BUILT_PRODUCTS_DIR; };
		A4820C8A6F02D00717F09786 /* Pods-toDoAppFirebase.debug.xcconfig */ = {isa = PBXFileReference; includeInIndex = 1; lastKnownFileType = text.xcconfig; name = "Pods-toDoAppFirebase.debug.xcconfig"; path = "Target Support Files/Pods-toDoAppFirebase/Pods-toDoAppFirebase.debug.xcconfig"; sourceTree = "<group>"; };
		DC11319C28C64BE10076DC4E /* TaskCell.swift */ = {isa = PBXFileReference; lastKnownFileType = sourcecode.swift; path = TaskCell.swift; sourceTree = "<group>"; };
		DC11319D28C64BE10076DC4E /* TaskCell.xib */ = {isa = PBXFileReference; lastKnownFileType = file.xib; path = TaskCell.xib; sourceTree = "<group>"; };
		DC8B4BC628CA066B004EEBA7 /* GoogleService-Info.plist */ = {isa = PBXFileReference; fileEncoding = 4; lastKnownFileType = text.plist.xml; path = "GoogleService-Info.plist"; sourceTree = "<group>"; };
		DC8B4BC828D1ECF2004EEBA7 /* TaskModel.swift */ = {isa = PBXFileReference; lastKnownFileType = sourcecode.swift; path = TaskModel.swift; sourceTree = "<group>"; };
		DC8B4BCB28D66F7B004EEBA7 /* HomePageVM.swift */ = {isa = PBXFileReference; lastKnownFileType = sourcecode.swift; path = HomePageVM.swift; sourceTree = "<group>"; };
		DC8B4BCE28D8A7C4004EEBA7 /* UIViewController-Extension.swift */ = {isa = PBXFileReference; lastKnownFileType = sourcecode.swift; path = "UIViewController-Extension.swift"; sourceTree = "<group>"; };
		DCD299D928B4CC06001702CD /* toDoAppFirebase.app */ = {isa = PBXFileReference; explicitFileType = wrapper.application; includeInIndex = 0; path = toDoAppFirebase.app; sourceTree = BUILT_PRODUCTS_DIR; };
		DCD299DC28B4CC06001702CD /* AppDelegate.swift */ = {isa = PBXFileReference; lastKnownFileType = sourcecode.swift; path = AppDelegate.swift; sourceTree = "<group>"; };
		DCD299DE28B4CC06001702CD /* SceneDelegate.swift */ = {isa = PBXFileReference; lastKnownFileType = sourcecode.swift; path = SceneDelegate.swift; sourceTree = "<group>"; };
		DCD299E028B4CC06001702CD /* ViewController.swift */ = {isa = PBXFileReference; lastKnownFileType = sourcecode.swift; path = ViewController.swift; sourceTree = "<group>"; };
		DCD299E328B4CC06001702CD /* Base */ = {isa = PBXFileReference; lastKnownFileType = file.storyboard; name = Base; path = Base.lproj/Main.storyboard; sourceTree = "<group>"; };
		DCD299E528B4CC07001702CD /* Assets.xcassets */ = {isa = PBXFileReference; lastKnownFileType = folder.assetcatalog; path = Assets.xcassets; sourceTree = "<group>"; };
		DCD299E828B4CC07001702CD /* Base */ = {isa = PBXFileReference; lastKnownFileType = file.storyboard; name = Base; path = Base.lproj/LaunchScreen.storyboard; sourceTree = "<group>"; };
		DCD299EA28B4CC07001702CD /* Info.plist */ = {isa = PBXFileReference; lastKnownFileType = text.plist.xml; path = Info.plist; sourceTree = "<group>"; };
/* End PBXFileReference section */

/* Begin PBXFrameworksBuildPhase section */
		DCD299D628B4CC06001702CD /* Frameworks */ = {
			isa = PBXFrameworksBuildPhase;
			buildActionMask = 2147483647;
			files = (
				97C937004232292E2E9A485B /* Pods_toDoAppFirebase.framework in Frameworks */,
			);
			runOnlyForDeploymentPostprocessing = 0;
		};
/* End PBXFrameworksBuildPhase section */

/* Begin PBXGroup section */
		14A1AEFBDFD6DE73BA59FF37 /* Pods */ = {
			isa = PBXGroup;
			children = (
				A4820C8A6F02D00717F09786 /* Pods-toDoAppFirebase.debug.xcconfig */,
				4EC2BA8DAB6377E25B150666 /* Pods-toDoAppFirebase.release.xcconfig */,
			);
			path = Pods;
			sourceTree = "<group>";
		};
		58717B4A0018931A5A00F0DD /* Frameworks */ = {
			isa = PBXGroup;
			children = (
				5852DDE77D0A7753762AE25C /* Pods_toDoAppFirebase.framework */,
			);
			name = Frameworks;
			sourceTree = "<group>";
		};
		DC11319B28C606200076DC4E /* TaskTableViewCell */ = {
			isa = PBXGroup;
			children = (
				DC11319C28C64BE10076DC4E /* TaskCell.swift */,
				DC11319D28C64BE10076DC4E /* TaskCell.xib */,
			);
			path = TaskTableViewCell;
			sourceTree = "<group>";
		};
		DC8B4BCA28D617EC004EEBA7 /* Model */ = {
			isa = PBXGroup;
			children = (
				DC8B4BC828D1ECF2004EEBA7 /* TaskModel.swift */,
			);
			path = Model;
			sourceTree = "<group>";
		};
		DC8B4BCD28D8A7A0004EEBA7 /* Extensions */ = {
			isa = PBXGroup;
			children = (
				DC8B4BCE28D8A7C4004EEBA7 /* UIViewController-Extension.swift */,
			);
			path = Extensions;
			sourceTree = "<group>";
		};
		DCD299D028B4CC06001702CD = {
			isa = PBXGroup;
			children = (
				DCD299DB28B4CC06001702CD /* toDoAppFirebase */,
				DCD299DA28B4CC06001702CD /* Products */,
				14A1AEFBDFD6DE73BA59FF37 /* Pods */,
				58717B4A0018931A5A00F0DD /* Frameworks */,
			);
			sourceTree = "<group>";
		};
		DCD299DA28B4CC06001702CD /* Products */ = {
			isa = PBXGroup;
			children = (
				DCD299D928B4CC06001702CD /* toDoAppFirebase.app */,
			);
			name = Products;
			sourceTree = "<group>";
		};
		DCD299DB28B4CC06001702CD /* toDoAppFirebase */ = {
			isa = PBXGroup;
			children = (
				DC8B4BCD28D8A7A0004EEBA7 /* Extensions */,
				DC8B4BCA28D617EC004EEBA7 /* Model */,
				DCD29A0228B4E82A001702CD /* Commons */,
				DCD299DC28B4CC06001702CD /* AppDelegate.swift */,
				DCD299DE28B4CC06001702CD /* SceneDelegate.swift */,
				DCD299E528B4CC07001702CD /* Assets.xcassets */,
				DCD299E728B4CC07001702CD /* LaunchScreen.storyboard */,
				DC8B4BC628CA066B004EEBA7 /* GoogleService-Info.plist */,
				DCD299EA28B4CC07001702CD /* Info.plist */,
			);
			path = toDoAppFirebase;
			sourceTree = "<group>";
		};
		DCD29A0228B4E82A001702CD /* Commons */ = {
			isa = PBXGroup;
			children = (
				DC11319B28C606200076DC4E /* TaskTableViewCell */,
				DCD29A0328B4E83D001702CD /* HomePage */,
			);
			path = Commons;
			sourceTree = "<group>";
		};
		DCD29A0328B4E83D001702CD /* HomePage */ = {
			isa = PBXGroup;
			children = (
				DCD299E228B4CC06001702CD /* Main.storyboard */,
				DCD299E028B4CC06001702CD /* ViewController.swift */,
				DC8B4BCB28D66F7B004EEBA7 /* HomePageVM.swift */,
			);
			path = HomePage;
			sourceTree = "<group>";
		};
/* End PBXGroup section */

/* Begin PBXNativeTarget section */
		DCD299D828B4CC06001702CD /* toDoAppFirebase */ = {
			isa = PBXNativeTarget;
			buildConfigurationList = DCD299ED28B4CC07001702CD /* Build configuration list for PBXNativeTarget "toDoAppFirebase" */;
			buildPhases = (
				B5028E82602B9469DA3FF642 /* [CP] Check Pods Manifest.lock */,
				DCD299D528B4CC06001702CD /* Sources */,
				DCD299D628B4CC06001702CD /* Frameworks */,
				DCD299D728B4CC06001702CD /* Resources */,
				0F02361529F17CEDD3617890 /* [CP] Embed Pods Frameworks */,
			);
			buildRules = (
			);
			dependencies = (
			);
			name = toDoAppFirebase;
			productName = toDoAppFirebase;
			productReference = DCD299D928B4CC06001702CD /* toDoAppFirebase.app */;
			productType = "com.apple.product-type.application";
		};
/* End PBXNativeTarget section */

/* Begin PBXProject section */
		DCD299D128B4CC06001702CD /* Project object */ = {
			isa = PBXProject;
			attributes = {
				BuildIndependentTargetsInParallel = 1;
				LastSwiftUpdateCheck = 1340;
				LastUpgradeCheck = 1340;
				TargetAttributes = {
					DCD299D828B4CC06001702CD = {
						CreatedOnToolsVersion = 13.4.1;
					};
				};
			};
			buildConfigurationList = DCD299D428B4CC06001702CD /* Build configuration list for PBXProject "toDoAppFirebase" */;
			compatibilityVersion = "Xcode 13.0";
			developmentRegion = en;
			hasScannedForEncodings = 0;
			knownRegions = (
				en,
				Base,
			);
			mainGroup = DCD299D028B4CC06001702CD;
			productRefGroup = DCD299DA28B4CC06001702CD /* Products */;
			projectDirPath = "";
			projectRoot = "";
			targets = (
				DCD299D828B4CC06001702CD /* toDoAppFirebase */,
			);
		};
/* End PBXProject section */

/* Begin PBXResourcesBuildPhase section */
		DCD299D728B4CC06001702CD /* Resources */ = {
			isa = PBXResourcesBuildPhase;
			buildActionMask = 2147483647;
			files = (
				DCD299E928B4CC07001702CD /* LaunchScreen.storyboard in Resources */,
				DC11319F28C64BE10076DC4E /* TaskCell.xib in Resources */,
				DC8B4BC728CA066B004EEBA7 /* GoogleService-Info.plist in Resources */,
				DCD299E628B4CC07001702CD /* Assets.xcassets in Resources */,
				DCD299E428B4CC06001702CD /* Main.storyboard in Resources */,
			);
			runOnlyForDeploymentPostprocessing = 0;
		};
/* End PBXResourcesBuildPhase section */

/* Begin PBXShellScriptBuildPhase section */
		0F02361529F17CEDD3617890 /* [CP] Embed Pods Frameworks */ = {
			isa = PBXShellScriptBuildPhase;
			buildActionMask = 2147483647;
			files = (
			);
			inputFileListPaths = (
				"${PODS_ROOT}/Target Support Files/Pods-toDoAppFirebase/Pods-toDoAppFirebase-frameworks-${CONFIGURATION}-input-files.xcfilelist",
			);
			name = "[CP] Embed Pods Frameworks";
			outputFileListPaths = (
				"${PODS_ROOT}/Target Support Files/Pods-toDoAppFirebase/Pods-toDoAppFirebase-frameworks-${CONFIGURATION}-output-files.xcfilelist",
			);
			runOnlyForDeploymentPostprocessing = 0;
			shellPath = /bin/sh;
			shellScript = "\"${PODS_ROOT}/Target Support Files/Pods-toDoAppFirebase/Pods-toDoAppFirebase-frameworks.sh\"\n";
			showEnvVarsInLog = 0;
		};
		B5028E82602B9469DA3FF642 /* [CP] Check Pods Manifest.lock */ = {
			isa = PBXShellScriptBuildPhase;
			buildActionMask = 2147483647;
			files = (
			);
			inputFileListPaths = (
			);
			inputPaths = (
				"${PODS_PODFILE_DIR_PATH}/Podfile.lock",
				"${PODS_ROOT}/Manifest.lock",
			);
			name = "[CP] Check Pods Manifest.lock";
			outputFileListPaths = (
			);
			outputPaths = (
				"$(DERIVED_FILE_DIR)/Pods-toDoAppFirebase-checkManifestLockResult.txt",
			);
			runOnlyForDeploymentPostprocessing = 0;
			shellPath = /bin/sh;
			shellScript = "diff \"${PODS_PODFILE_DIR_PATH}/Podfile.lock\" \"${PODS_ROOT}/Manifest.lock\" > /dev/null\nif [ $? != 0 ] ; then\n    # print error to STDERR\n    echo \"error: The sandbox is not in sync with the Podfile.lock. Run 'pod install' or update your CocoaPods installation.\" >&2\n    exit 1\nfi\n# This output is used by Xcode 'outputs' to avoid re-running this script phase.\necho \"SUCCESS\" > \"${SCRIPT_OUTPUT_FILE_0}\"\n";
			showEnvVarsInLog = 0;
		};
/* End PBXShellScriptBuildPhase section */

/* Begin PBXSourcesBuildPhase section */
		DCD299D528B4CC06001702CD /* Sources */ = {
			isa = PBXSourcesBuildPhase;
			buildActionMask = 2147483647;
			files = (
				DC11319E28C64BE10076DC4E /* TaskCell.swift in Sources */,
				DC8B4BCF28D8A7C4004EEBA7 /* UIViewController-Extension.swift in Sources */,
				DCD299E128B4CC06001702CD /* ViewController.swift in Sources */,
				DC8B4BCC28D66F7B004EEBA7 /* HomePageVM.swift in Sources */,
				DC8B4BC928D1ECF2004EEBA7 /* TaskModel.swift in Sources */,
				DCD299DD28B4CC06001702CD /* AppDelegate.swift in Sources */,
				DCD299DF28B4CC06001702CD /* SceneDelegate.swift in Sources */,
			);
			runOnlyForDeploymentPostprocessing = 0;
		};
/* End PBXSourcesBuildPhase section */

/* Begin PBXVariantGroup section */
		DCD299E228B4CC06001702CD /* Main.storyboard */ = {
			isa = PBXVariantGroup;
			children = (
				DCD299E328B4CC06001702CD /* Base */,
			);
			name = Main.storyboard;
			sourceTree = "<group>";
		};
		DCD299E728B4CC07001702CD /* LaunchScreen.storyboard */ = {
			isa = PBXVariantGroup;
			children = (
				DCD299E828B4CC07001702CD /* Base */,
			);
			name = LaunchScreen.storyboard;
			sourceTree = "<group>";
		};
/* End PBXVariantGroup section */

/* Begin XCBuildConfiguration section */
		DCD299EB28B4CC07001702CD /* Debug */ = {
			isa = XCBuildConfiguration;
			buildSettings = {
				ALWAYS_SEARCH_USER_PATHS = NO;
				CLANG_ANALYZER_NONNULL = YES;
				CLANG_ANALYZER_NUMBER_OBJECT_CONVERSION = YES_AGGRESSIVE;
				CLANG_CXX_LANGUAGE_STANDARD = "gnu++17";
				CLANG_ENABLE_MODULES = YES;
				CLANG_ENABLE_OBJC_ARC = YES;
				CLANG_ENABLE_OBJC_WEAK = YES;
				CLANG_WARN_BLOCK_CAPTURE_AUTORELEASING = YES;
				CLANG_WARN_BOOL_CONVERSION = YES;
				CLANG_WARN_COMMA = YES;
				CLANG_WARN_CONSTANT_CONVERSION = YES;
				CLANG_WARN_DEPRECATED_OBJC_IMPLEMENTATIONS = YES;
				CLANG_WARN_DIRECT_OBJC_ISA_USAGE = YES_ERROR;
				CLANG_WARN_DOCUMENTATION_COMMENTS = YES;
				CLANG_WARN_EMPTY_BODY = YES;
				CLANG_WARN_ENUM_CONVERSION = YES;
				CLANG_WARN_INFINITE_RECURSION = YES;
				CLANG_WARN_INT_CONVERSION = YES;
				CLANG_WARN_NON_LITERAL_NULL_CONVERSION = YES;
				CLANG_WARN_OBJC_IMPLICIT_RETAIN_SELF = YES;
				CLANG_WARN_OBJC_LITERAL_CONVERSION = YES;
				CLANG_WARN_OBJC_ROOT_CLASS = YES_ERROR;
				CLANG_WARN_QUOTED_INCLUDE_IN_FRAMEWORK_HEADER = YES;
				CLANG_WARN_RANGE_LOOP_ANALYSIS = YES;
				CLANG_WARN_STRICT_PROTOTYPES = YES;
				CLANG_WARN_SUSPICIOUS_MOVE = YES;
				CLANG_WARN_UNGUARDED_AVAILABILITY = YES_AGGRESSIVE;
				CLANG_WARN_UNREACHABLE_CODE = YES;
				CLANG_WARN__DUPLICATE_METHOD_MATCH = YES;
				COPY_PHASE_STRIP = NO;
				DEBUG_INFORMATION_FORMAT = dwarf;
				ENABLE_STRICT_OBJC_MSGSEND = YES;
				ENABLE_TESTABILITY = YES;
				GCC_C_LANGUAGE_STANDARD = gnu11;
				GCC_DYNAMIC_NO_PIC = NO;
				GCC_NO_COMMON_BLOCKS = YES;
				GCC_OPTIMIZATION_LEVEL = 0;
				GCC_PREPROCESSOR_DEFINITIONS = (
					"DEBUG=1",
					"$(inherited)",
				);
				GCC_WARN_64_TO_32_BIT_CONVERSION = YES;
				GCC_WARN_ABOUT_RETURN_TYPE = YES_ERROR;
				GCC_WARN_UNDECLARED_SELECTOR = YES;
				GCC_WARN_UNINITIALIZED_AUTOS = YES_AGGRESSIVE;
				GCC_WARN_UNUSED_FUNCTION = YES;
				GCC_WARN_UNUSED_VARIABLE = YES;
				IPHONEOS_DEPLOYMENT_TARGET = 15.5;
				MTL_ENABLE_DEBUG_INFO = INCLUDE_SOURCE;
				MTL_FAST_MATH = YES;
				ONLY_ACTIVE_ARCH = YES;
				SDKROOT = iphoneos;
				SWIFT_ACTIVE_COMPILATION_CONDITIONS = DEBUG;
				SWIFT_OPTIMIZATION_LEVEL = "-Onone";
			};
			name = Debug;
		};
		DCD299EC28B4CC07001702CD /* Release */ = {
			isa = XCBuildConfiguration;
			buildSettings = {
				ALWAYS_SEARCH_USER_PATHS = NO;
				CLANG_ANALYZER_NONNULL = YES;
				CLANG_ANALYZER_NUMBER_OBJECT_CONVERSION = YES_AGGRESSIVE;
				CLANG_CXX_LANGUAGE_STANDARD = "gnu++17";
				CLANG_ENABLE_MODULES = YES;
				CLANG_ENABLE_OBJC_ARC = YES;
				CLANG_ENABLE_OBJC_WEAK = YES;
				CLANG_WARN_BLOCK_CAPTURE_AUTORELEASING = YES;
				CLANG_WARN_BOOL_CONVERSION = YES;
				CLANG_WARN_COMMA = YES;
				CLANG_WARN_CONSTANT_CONVERSION = YES;
				CLANG_WARN_DEPRECATED_OBJC_IMPLEMENTATIONS = YES;
				CLANG_WARN_DIRECT_OBJC_ISA_USAGE = YES_ERROR;
				CLANG_WARN_DOCUMENTATION_COMMENTS = YES;
				CLANG_WARN_EMPTY_BODY = YES;
				CLANG_WARN_ENUM_CONVERSION = YES;
				CLANG_WARN_INFINITE_RECURSION = YES;
				CLANG_WARN_INT_CONVERSION = YES;
				CLANG_WARN_NON_LITERAL_NULL_CONVERSION = YES;
				CLANG_WARN_OBJC_IMPLICIT_RETAIN_SELF = YES;
				CLANG_WARN_OBJC_LITERAL_CONVERSION = YES;
				CLANG_WARN_OBJC_ROOT_CLASS = YES_ERROR;
				CLANG_WARN_QUOTED_INCLUDE_IN_FRAMEWORK_HEADER = YES;
				CLANG_WARN_RANGE_LOOP_ANALYSIS = YES;
				CLANG_WARN_STRICT_PROTOTYPES = YES;
				CLANG_WARN_SUSPICIOUS_MOVE = YES;
				CLANG_WARN_UNGUARDED_AVAILABILITY = YES_AGGRESSIVE;
				CLANG_WARN_UNREACHABLE_CODE = YES;
				CLANG_WARN__DUPLICATE_METHOD_MATCH = YES;
				COPY_PHASE_STRIP = NO;
				DEBUG_INFORMATION_FORMAT = "dwarf-with-dsym";
				ENABLE_NS_ASSERTIONS = NO;
				ENABLE_STRICT_OBJC_MSGSEND = YES;
				GCC_C_LANGUAGE_STANDARD = gnu11;
				GCC_NO_COMMON_BLOCKS = YES;
				GCC_WARN_64_TO_32_BIT_CONVERSION = YES;
				GCC_WARN_ABOUT_RETURN_TYPE = YES_ERROR;
				GCC_WARN_UNDECLARED_SELECTOR = YES;
				GCC_WARN_UNINITIALIZED_AUTOS = YES_AGGRESSIVE;
				GCC_WARN_UNUSED_FUNCTION = YES;
				GCC_WARN_UNUSED_VARIABLE = YES;
				IPHONEOS_DEPLOYMENT_TARGET = 15.5;
				MTL_ENABLE_DEBUG_INFO = NO;
				MTL_FAST_MATH = YES;
				SDKROOT = iphoneos;
				SWIFT_COMPILATION_MODE = wholemodule;
				SWIFT_OPTIMIZATION_LEVEL = "-O";
				VALIDATE_PRODUCT = YES;
			};
			name = Release;
		};
		DCD299EE28B4CC07001702CD /* Debug */ = {
			isa = XCBuildConfiguration;
			baseConfigurationReference = A4820C8A6F02D00717F09786 /* Pods-toDoAppFirebase.debug.xcconfig */;
			buildSettings = {
				ASSETCATALOG_COMPILER_APPICON_NAME = AppIcon;
				ASSETCATALOG_COMPILER_GLOBAL_ACCENT_COLOR_NAME = AccentColor;
				CODE_SIGN_STYLE = Automatic;
				CURRENT_PROJECT_VERSION = 1;
				DEVELOPMENT_TEAM = NVN42XWXC5;
				GENERATE_INFOPLIST_FILE = YES;
				INFOPLIST_FILE = toDoAppFirebase/Info.plist;
				INFOPLIST_KEY_CFBundleDisplayName = "Do Stuff";
				INFOPLIST_KEY_UIApplicationSupportsIndirectInputEvents = YES;
				INFOPLIST_KEY_UILaunchStoryboardName = LaunchScreen;
				INFOPLIST_KEY_UIMainStoryboardFile = Main;
				INFOPLIST_KEY_UISupportedInterfaceOrientations_iPad = "UIInterfaceOrientationPortrait UIInterfaceOrientationPortraitUpsideDown UIInterfaceOrientationLandscapeLeft UIInterfaceOrientationLandscapeRight";
				INFOPLIST_KEY_UISupportedInterfaceOrientations_iPhone = "UIInterfaceOrientationPortrait UIInterfaceOrientationLandscapeLeft UIInterfaceOrientationLandscapeRight";
				LD_RUNPATH_SEARCH_PATHS = (
					"$(inherited)",
					"@executable_path/Frameworks",
				);
				MARKETING_VERSION = 1.0;
				PRODUCT_BUNDLE_IDENTIFIER = com.furkanerzurumlu.toDoAppFirebase;
				PRODUCT_NAME = "$(TARGET_NAME)";
				SWIFT_EMIT_LOC_STRINGS = YES;
				SWIFT_VERSION = 5.0;
				TARGETED_DEVICE_FAMILY = "1,2";
			};
			name = Debug;
		};
		DCD299EF28B4CC07001702CD /* Release */ = {
			isa = XCBuildConfiguration;
			baseConfigurationReference = 4EC2BA8DAB6377E25B150666 /* Pods-toDoAppFirebase.release.xcconfig */;
			buildSettings = {
				ASSETCATALOG_COMPILER_APPICON_NAME = AppIcon;
				ASSETCATALOG_COMPILER_GLOBAL_ACCENT_COLOR_NAME = AccentColor;
				CODE_SIGN_STYLE = Automatic;
				CURRENT_PROJECT_VERSION = 1;
				DEVELOPMENT_TEAM = NVN42XWXC5;
				GENERATE_INFOPLIST_FILE = YES;
				INFOPLIST_FILE = toDoAppFirebase/Info.plist;
				INFOPLIST_KEY_CFBundleDisplayName = "Do Stuff";
				INFOPLIST_KEY_UIApplicationSupportsIndirectInputEvents = YES;
				INFOPLIST_KEY_UILaunchStoryboardName = LaunchScreen;
				INFOPLIST_KEY_UIMainStoryboardFile = Main;
				INFOPLIST_KEY_UISupportedInterfaceOrientations_iPad = "UIInterfaceOrientationPortrait UIInterfaceOrientationPortraitUpsideDown UIInterfaceOrientationLandscapeLeft UIInterfaceOrientationLandscapeRight";
				INFOPLIST_KEY_UISupportedInterfaceOrientations_iPhone = "UIInterfaceOrientationPortrait UIInterfaceOrientationLandscapeLeft UIInterfaceOrientationLandscapeRight";
				LD_RUNPATH_SEARCH_PATHS = (
					"$(inherited)",
					"@executable_path/Frameworks",
				);
				MARKETING_VERSION = 1.0;
				PRODUCT_BUNDLE_IDENTIFIER = com.furkanerzurumlu.toDoAppFirebase;
				PRODUCT_NAME = "$(TARGET_NAME)";
				SWIFT_EMIT_LOC_STRINGS = YES;
				SWIFT_VERSION = 5.0;
				TARGETED_DEVICE_FAMILY = "1,2";
			};
			name = Release;
		};
/* End XCBuildConfiguration section */

/* Begin XCConfigurationList section */
		DCD299D428B4CC06001702CD /* Build configuration list for PBXProject "toDoAppFirebase" */ = {
			isa = XCConfigurationList;
			buildConfigurations = (
				DCD299EB28B4CC07001702CD /* Debug */,
				DCD299EC28B4CC07001702CD /* Release */,
			);
			defaultConfigurationIsVisible = 0;
			defaultConfigurationName = Release;
		};
		DCD299ED28B4CC07001702CD /* Build configuration list for PBXNativeTarget "toDoAppFirebase" */ = {
			isa = XCConfigurationList;
			buildConfigurations = (
				DCD299EE28B4CC07001702CD /* Debug */,
				DCD299EF28B4CC07001702CD /* Release */,
			);
			defaultConfigurationIsVisible = 0;
			defaultConfigurationName = Release;
		};
/* End XCConfigurationList section */
	};
	rootObject = DCD299D128B4CC06001702CD /* Project object */;
}
